// !$*UTF8*$!
{
	archiveVersion = 1;
	classes = {
	};
	objectVersion = 56;
	objects = {

/* Begin PBXBuildFile section */
		E24276982936677A00F40A33 /* resorts.json in Resources */ = {isa = PBXBuildFile; fileRef = E24276972936677A00F40A33 /* resorts.json */; };
		E242769A2936681300F40A33 /* Resort.swift in Sources */ = {isa = PBXBuildFile; fileRef = E24276992936681300F40A33 /* Resort.swift */; };
		E242769C2936688400F40A33 /* Bundle-Decodable.swift in Sources */ = {isa = PBXBuildFile; fileRef = E242769B2936688400F40A33 /* Bundle-Decodable.swift */; };
		E242769E29366BD100F40A33 /* WelcomeView.swift in Sources */ = {isa = PBXBuildFile; fileRef = E242769D29366BD100F40A33 /* WelcomeView.swift */; };
		E24276A029367AC100F40A33 /* ResortView.swift in Sources */ = {isa = PBXBuildFile; fileRef = E242769F29367AC100F40A33 /* ResortView.swift */; };
		E24276A229367B9D00F40A33 /* SkiDetailsView.swift in Sources */ = {isa = PBXBuildFile; fileRef = E24276A129367B9D00F40A33 /* SkiDetailsView.swift */; };
		E24276A429367CC000F40A33 /* ResortDetailsView.swift in Sources */ = {isa = PBXBuildFile; fileRef = E24276A329367CC000F40A33 /* ResortDetailsView.swift */; };
		E2A4DB04293532FC00C1131E /* SnowSeekerApp.swift in Sources */ = {isa = PBXBuildFile; fileRef = E2A4DB03293532FC00C1131E /* SnowSeekerApp.swift */; };
		E2A4DB06293532FC00C1131E /* ContentView.swift in Sources */ = {isa = PBXBuildFile; fileRef = E2A4DB05293532FC00C1131E /* ContentView.swift */; };
		E2A4DB08293532FD00C1131E /* Assets.xcassets in Resources */ = {isa = PBXBuildFile; fileRef = E2A4DB07293532FD00C1131E /* Assets.xcassets */; };
		E2A4DB0B293532FD00C1131E /* Preview Assets.xcassets in Resources */ = {isa = PBXBuildFile; fileRef = E2A4DB0A293532FD00C1131E /* Preview Assets.xcassets */; };
		E2FD07C02937D5CC000B9061 /* Facility.swift in Sources */ = {isa = PBXBuildFile; fileRef = E2FD07BF2937D5CC000B9061 /* Facility.swift */; };
		E2FD07C22937DBF2000B9061 /* Favorites.swift in Sources */ = {isa = PBXBuildFile; fileRef = E2FD07C12937DBF2000B9061 /* Favorites.swift */; };
/* End PBXBuildFile section */

/* Begin PBXFileReference section */
		E24276972936677A00F40A33 /* resorts.json */ = {isa = PBXFileReference; fileEncoding = 4; lastKnownFileType = text.json; path = resorts.json; sourceTree = "<group>"; };
		E24276992936681300F40A33 /* Resort.swift */ = {isa = PBXFileReference; lastKnownFileType = sourcecode.swift; path = Resort.swift; sourceTree = "<group>"; };
		E242769B2936688400F40A33 /* Bundle-Decodable.swift */ = {isa = PBXFileReference; lastKnownFileType = sourcecode.swift; path = "Bundle-Decodable.swift"; sourceTree = "<group>"; };
		E242769D29366BD100F40A33 /* WelcomeView.swift */ = {isa = PBXFileReference; lastKnownFileType = sourcecode.swift; path = WelcomeView.swift; sourceTree = "<group>"; };
		E242769F29367AC100F40A33 /* ResortView.swift */ = {isa = PBXFileReference; lastKnownFileType = sourcecode.swift; path = ResortView.swift; sourceTree = "<group>"; };
		E24276A129367B9D00F40A33 /* SkiDetailsView.swift */ = {isa = PBXFileReference; lastKnownFileType = sourcecode.swift; path = SkiDetailsView.swift; sourceTree = "<group>"; };
		E24276A329367CC000F40A33 /* ResortDetailsView.swift */ = {isa = PBXFileReference; lastKnownFileType = sourcecode.swift; path = ResortDetailsView.swift; sourceTree = "<group>"; };
		E2A4DB00293532FC00C1131E /* SnowSeeker.app */ = {isa = PBXFileReference; explicitFileType = wrapper.application; includeInIndex = 0; path = SnowSeeker.app; sourceTree = BUILT_PRODUCTS_DIR; };
		E2A4DB03293532FC00C1131E /* SnowSeekerApp.swift */ = {isa = PBXFileReference; lastKnownFileType = sourcecode.swift; path = SnowSeekerApp.swift; sourceTree = "<group>"; };
		E2A4DB05293532FC00C1131E /* ContentView.swift */ = {isa = PBXFileReference; lastKnownFileType = sourcecode.swift; path = ContentView.swift; sourceTree = "<group>"; };
		E2A4DB07293532FD00C1131E /* Assets.xcassets */ = {isa = PBXFileReference; lastKnownFileType = folder.assetcatalog; path = Assets.xcassets; sourceTree = "<group>"; };
		E2A4DB0A293532FD00C1131E /* Preview Assets.xcassets */ = {isa = PBXFileReference; lastKnownFileType = folder.assetcatalog; path = "Preview Assets.xcassets"; sourceTree = "<group>"; };
		E2FD07BF2937D5CC000B9061 /* Facility.swift */ = {isa = PBXFileReference; lastKnownFileType = sourcecode.swift; path = Facility.swift; sourceTree = "<group>"; };
		E2FD07C12937DBF2000B9061 /* Favorites.swift */ = {isa = PBXFileReference; lastKnownFileType = sourcecode.swift; path = Favorites.swift; sourceTree = "<group>"; };
/* End PBXFileReference section */

/* Begin PBXFrameworksBuildPhase section */
		E2A4DAFD293532FC00C1131E /* Frameworks */ = {
			isa = PBXFrameworksBuildPhase;
			buildActionMask = 2147483647;
			files = (
			);
			runOnlyForDeploymentPostprocessing = 0;
		};
/* End PBXFrameworksBuildPhase section */

/* Begin PBXGroup section */
		E2A4DAF7293532FC00C1131E = {
			isa = PBXGroup;
			children = (
				E2A4DB02293532FC00C1131E /* SnowSeeker */,
				E2A4DB01293532FC00C1131E /* Products */,
			);
			sourceTree = "<group>";
		};
		E2A4DB01293532FC00C1131E /* Products */ = {
			isa = PBXGroup;
			children = (
				E2A4DB00293532FC00C1131E /* SnowSeeker.app */,
			);
			name = Products;
			sourceTree = "<group>";
		};
		E2A4DB02293532FC00C1131E /* SnowSeeker */ = {
			isa = PBXGroup;
			children = (
				E2A4DB03293532FC00C1131E /* SnowSeekerApp.swift */,
				E24276992936681300F40A33 /* Resort.swift */,
				E242769B2936688400F40A33 /* Bundle-Decodable.swift */,
				E2A4DB05293532FC00C1131E /* ContentView.swift */,
				E24276A129367B9D00F40A33 /* SkiDetailsView.swift */,
				E24276A329367CC000F40A33 /* ResortDetailsView.swift */,
				E242769F29367AC100F40A33 /* ResortView.swift */,
				E2FD07C12937DBF2000B9061 /* Favorites.swift */,
				E2FD07BF2937D5CC000B9061 /* Facility.swift */,
				E242769D29366BD100F40A33 /* WelcomeView.swift */,
				E24276972936677A00F40A33 /* resorts.json */,
				E2A4DB07293532FD00C1131E /* Assets.xcassets */,
				E2A4DB09293532FD00C1131E /* Preview Content */,
			);
			path = SnowSeeker;
			sourceTree = "<group>";
		};
		E2A4DB09293532FD00C1131E /* Preview Content */ = {
			isa = PBXGroup;
			children = (
				E2A4DB0A293532FD00C1131E /* Preview Assets.xcassets */,
			);
			path = "Preview Content";
			sourceTree = "<group>";
		};
/* End PBXGroup section */

/* Begin PBXNativeTarget section */
		E2A4DAFF293532FC00C1131E /* SnowSeeker */ = {
			isa = PBXNativeTarget;
			buildConfigurationList = E2A4DB0E293532FD00C1131E /* Build configuration list for PBXNativeTarget "SnowSeeker" */;
			buildPhases = (
				E2A4DAFC293532FC00C1131E /* Sources */,
				E2A4DAFD293532FC00C1131E /* Frameworks */,
				E2A4DAFE293532FC00C1131E /* Resources */,
			);
			buildRules = (
			);
			dependencies = (
			);
			name = SnowSeeker;
			productName = SnowSeeker;
			productReference = E2A4DB00293532FC00C1131E /* SnowSeeker.app */;
			productType = "com.apple.product-type.application";
		};
/* End PBXNativeTarget section */

/* Begin PBXProject section */
		E2A4DAF8293532FC00C1131E /* Project object */ = {
			isa = PBXProject;
			attributes = {
				BuildIndependentTargetsInParallel = 1;
				LastSwiftUpdateCheck = 1410;
				LastUpgradeCheck = 1410;
				TargetAttributes = {
					E2A4DAFF293532FC00C1131E = {
						CreatedOnToolsVersion = 14.1;
					};
				};
			};
			buildConfigurationList = E2A4DAFB293532FC00C1131E /* Build configuration list for PBXProject "SnowSeeker" */;
			compatibilityVersion = "Xcode 14.0";
			developmentRegion = en;
			hasScannedForEncodings = 0;
			knownRegions = (
				en,
				Base,
			);
			mainGroup = E2A4DAF7293532FC00C1131E;
			productRefGroup = E2A4DB01293532FC00C1131E /* Products */;
			projectDirPath = "";
			projectRoot = "";
			targets = (
				E2A4DAFF293532FC00C1131E /* SnowSeeker */,
			);
		};
/* End PBXProject section */

/* Begin PBXResourcesBuildPhase section */
		E2A4DAFE293532FC00C1131E /* Resources */ = {
			isa = PBXResourcesBuildPhase;
			buildActionMask = 2147483647;
			files = (
				E24276982936677A00F40A33 /* resorts.json in Resources */,
				E2A4DB0B293532FD00C1131E /* Preview Assets.xcassets in Resources */,
				E2A4DB08293532FD00C1131E /* Assets.xcassets in Resources */,
			);
			runOnlyForDeploymentPostprocessing = 0;
		};
/* End PBXResourcesBuildPhase section */

/* Begin PBXSourcesBuildPhase section */
		E2A4DAFC293532FC00C1131E /* Sources */ = {
			isa = PBXSourcesBuildPhase;
			buildActionMask = 2147483647;
			files = (
				E242769E29366BD100F40A33 /* WelcomeView.swift in Sources */,
				E24276A229367B9D00F40A33 /* SkiDetailsView.swift in Sources */,
				E24276A429367CC000F40A33 /* ResortDetailsView.swift in Sources */,
				E2FD07C22937DBF2000B9061 /* Favorites.swift in Sources */,
				E2FD07C02937D5CC000B9061 /* Facility.swift in Sources */,
				E2A4DB06293532FC00C1131E /* ContentView.swift in Sources */,
				E242769A2936681300F40A33 /* Resort.swift in Sources */,
				E24276A029367AC100F40A33 /* ResortView.swift in Sources */,
				E2A4DB04293532FC00C1131E /* SnowSeekerApp.swift in Sources */,
				E242769C2936688400F40A33 /* Bundle-Decodable.swift in Sources */,
			);
			runOnlyForDeploymentPostprocessing = 0;
		};
/* End PBXSourcesBuildPhase section */

/* Begin XCBuildConfiguration section */
		E2A4DB0C293532FD00C1131E /* Debug */ = {
			isa = XCBuildConfiguration;
			buildSettings = {
				ALWAYS_SEARCH_USER_PATHS = NO;
				CLANG_ANALYZER_NONNULL = YES;
				CLANG_ANALYZER_NUMBER_OBJECT_CONVERSION = YES_AGGRESSIVE;
				CLANG_CXX_LANGUAGE_STANDARD = "gnu++20";
				CLANG_ENABLE_MODULES = YES;
				CLANG_ENABLE_OBJC_ARC = YES;
				CLANG_ENABLE_OBJC_WEAK = YES;
				CLANG_WARN_BLOCK_CAPTURE_AUTORELEASING = YES;
				CLANG_WARN_BOOL_CONVERSION = YES;
				CLANG_WARN_COMMA = YES;
				CLANG_WARN_CONSTANT_CONVERSION = YES;
				CLANG_WARN_DEPRECATED_OBJC_IMPLEMENTATIONS = YES;
				CLANG_WARN_DIRECT_OBJC_ISA_USAGE = YES_ERROR;
				CLANG_WARN_DOCUMENTATION_COMMENTS = YES;
				CLANG_WARN_EMPTY_BODY = YES;
				CLANG_WARN_ENUM_CONVERSION = YES;
				CLANG_WARN_INFINITE_RECURSION = YES;
				CLANG_WARN_INT_CONVERSION = YES;
				CLANG_WARN_NON_LITERAL_NULL_CONVERSION = YES;
				CLANG_WARN_OBJC_IMPLICIT_RETAIN_SELF = YES;
				CLANG_WARN_OBJC_LITERAL_CONVERSION = YES;
				CLANG_WARN_OBJC_ROOT_CLASS = YES_ERROR;
				CLANG_WARN_QUOTED_INCLUDE_IN_FRAMEWORK_HEADER = YES;
				CLANG_WARN_RANGE_LOOP_ANALYSIS = YES;
				CLANG_WARN_STRICT_PROTOTYPES = YES;
				CLANG_WARN_SUSPICIOUS_MOVE = YES;
				CLANG_WARN_UNGUARDED_AVAILABILITY = YES_AGGRESSIVE;
				CLANG_WARN_UNREACHABLE_CODE = YES;
				CLANG_WARN__DUPLICATE_METHOD_MATCH = YES;
				COPY_PHASE_STRIP = NO;
				DEBUG_INFORMATION_FORMAT = dwarf;
				ENABLE_STRICT_OBJC_MSGSEND = YES;
				ENABLE_TESTABILITY = YES;
				GCC_C_LANGUAGE_STANDARD = gnu11;
				GCC_DYNAMIC_NO_PIC = NO;
				GCC_NO_COMMON_BLOCKS = YES;
				GCC_OPTIMIZATION_LEVEL = 0;
				GCC_PREPROCESSOR_DEFINITIONS = (
					"DEBUG=1",
					"$(inherited)",
				);
				GCC_WARN_64_TO_32_BIT_CONVERSION = YES;
				GCC_WARN_ABOUT_RETURN_TYPE = YES_ERROR;
				GCC_WARN_UNDECLARED_SELECTOR = YES;
				GCC_WARN_UNINITIALIZED_AUTOS = YES_AGGRESSIVE;
				GCC_WARN_UNUSED_FUNCTION = YES;
				GCC_WARN_UNUSED_VARIABLE = YES;
				IPHONEOS_DEPLOYMENT_TARGET = 16.1;
				MTL_ENABLE_DEBUG_INFO = INCLUDE_SOURCE;
				MTL_FAST_MATH = YES;
				ONLY_ACTIVE_ARCH = YES;
				SDKROOT = iphoneos;
				SWIFT_ACTIVE_COMPILATION_CONDITIONS = DEBUG;
				SWIFT_OPTIMIZATION_LEVEL = "-Onone";
			};
			name = Debug;
		};
		E2A4DB0D293532FD00C1131E /* Release */ = {
			isa = XCBuildConfiguration;
			buildSettings = {
				ALWAYS_SEARCH_USER_PATHS = NO;
				CLANG_ANALYZER_NONNULL = YES;
				CLANG_ANALYZER_NUMBER_OBJECT_CONVERSION = YES_AGGRESSIVE;
				CLANG_CXX_LANGUAGE_STANDARD = "gnu++20";
				CLANG_ENABLE_MODULES = YES;
				CLANG_ENABLE_OBJC_ARC = YES;
				CLANG_ENABLE_OBJC_WEAK = YES;
				CLANG_WARN_BLOCK_CAPTURE_AUTORELEASING = YES;
				CLANG_WARN_BOOL_CONVERSION = YES;
				CLANG_WARN_COMMA = YES;
				CLANG_WARN_CONSTANT_CONVERSION = YES;
				CLANG_WARN_DEPRECATED_OBJC_IMPLEMENTATIONS = YES;
				CLANG_WARN_DIRECT_OBJC_ISA_USAGE = YES_ERROR;
				CLANG_WARN_DOCUMENTATION_COMMENTS = YES;
				CLANG_WARN_EMPTY_BODY = YES;
				CLANG_WARN_ENUM_CONVERSION = YES;
				CLANG_WARN_INFINITE_RECURSION = YES;
				CLANG_WARN_INT_CONVERSION = YES;
				CLANG_WARN_NON_LITERAL_NULL_CONVERSION = YES;
				CLANG_WARN_OBJC_IMPLICIT_RETAIN_SELF = YES;
				CLANG_WARN_OBJC_LITERAL_CONVERSION = YES;
				CLANG_WARN_OBJC_ROOT_CLASS = YES_ERROR;
				CLANG_WARN_QUOTED_INCLUDE_IN_FRAMEWORK_HEADER = YES;
				CLANG_WARN_RANGE_LOOP_ANALYSIS = YES;
				CLANG_WARN_STRICT_PROTOTYPES = YES;
				CLANG_WARN_SUSPICIOUS_MOVE = YES;
				CLANG_WARN_UNGUARDED_AVAILABILITY = YES_AGGRESSIVE;
				CLANG_WARN_UNREACHABLE_CODE = YES;
				CLANG_WARN__DUPLICATE_METHOD_MATCH = YES;
				COPY_PHASE_STRIP = NO;
				DEBUG_INFORMATION_FORMAT = "dwarf-with-dsym";
				ENABLE_NS_ASSERTIONS = NO;
				ENABLE_STRICT_OBJC_MSGSEND = YES;
				GCC_C_LANGUAGE_STANDARD = gnu11;
				GCC_NO_COMMON_BLOCKS = YES;
				GCC_WARN_64_TO_32_BIT_CONVERSION = YES;
				GCC_WARN_ABOUT_RETURN_TYPE = YES_ERROR;
				GCC_WARN_UNDECLARED_SELECTOR = YES;
				GCC_WARN_UNINITIALIZED_AUTOS = YES_AGGRESSIVE;
				GCC_WARN_UNUSED_FUNCTION = YES;
				GCC_WARN_UNUSED_VARIABLE = YES;
				IPHONEOS_DEPLOYMENT_TARGET = 16.1;
				MTL_ENABLE_DEBUG_INFO = NO;
				MTL_FAST_MATH = YES;
				SDKROOT = iphoneos;
				SWIFT_COMPILATION_MODE = wholemodule;
				SWIFT_OPTIMIZATION_LEVEL = "-O";
				VALIDATE_PRODUCT = YES;
			};
			name = Release;
		};
		E2A4DB0F293532FD00C1131E /* Debug */ = {
			isa = XCBuildConfiguration;
			buildSettings = {
				ASSETCATALOG_COMPILER_APPICON_NAME = AppIcon;
				ASSETCATALOG_COMPILER_GLOBAL_ACCENT_COLOR_NAME = AccentColor;
				CODE_SIGN_STYLE = Automatic;
				CURRENT_PROJECT_VERSION = 1;
				DEVELOPMENT_ASSET_PATHS = "\"SnowSeeker/Preview Content\"";
				DEVELOPMENT_TEAM = 27729WS3J7;
				ENABLE_PREVIEWS = YES;
				GENERATE_INFOPLIST_FILE = YES;
				INFOPLIST_KEY_UIApplicationSceneManifest_Generation = YES;
				INFOPLIST_KEY_UIApplicationSupportsIndirectInputEvents = YES;
				INFOPLIST_KEY_UILaunchScreen_Generation = YES;
				INFOPLIST_KEY_UISupportedInterfaceOrientations_iPad = "UIInterfaceOrientationPortrait UIInterfaceOrientationPortraitUpsideDown UIInterfaceOrientationLandscapeLeft UIInterfaceOrientationLandscapeRight";
				INFOPLIST_KEY_UISupportedInterfaceOrientations_iPhone = "UIInterfaceOrientationPortrait UIInterfaceOrientationLandscapeLeft UIInterfaceOrientationLandscapeRight";
				LD_RUNPATH_SEARCH_PATHS = (
					"$(inherited)",
					"@executable_path/Frameworks",
				);
				MARKETING_VERSION = 1.0;
				PRODUCT_BUNDLE_IDENTIFIER = me.lebrun.tom.SnowSeeker;
				PRODUCT_NAME = "$(TARGET_NAME)";
				SWIFT_EMIT_LOC_STRINGS = YES;
				SWIFT_VERSION = 5.0;
				TARGETED_DEVICE_FAMILY = "1,2";
			};
			name = Debug;
		};
		E2A4DB10293532FD00C1131E /* Release */ = {
			isa = XCBuildConfiguration;
			buildSettings = {
				ASSETCATALOG_COMPILER_APPICON_NAME = AppIcon;
				ASSETCATALOG_COMPILER_GLOBAL_ACCENT_COLOR_NAME = AccentColor;
				CODE_SIGN_STYLE = Automatic;
				CURRENT_PROJECT_VERSION = 1;
				DEVELOPMENT_ASSET_PATHS = "\"SnowSeeker/Preview Content\"";
				DEVELOPMENT_TEAM = 27729WS3J7;
				ENABLE_PREVIEWS = YES;
				GENERATE_INFOPLIST_FILE = YES;
				INFOPLIST_KEY_UIApplicationSceneManifest_Generation = YES;
				INFOPLIST_KEY_UIApplicationSupportsIndirectInputEvents = YES;
				INFOPLIST_KEY_UILaunchScreen_Generation = YES;
				INFOPLIST_KEY_UISupportedInterfaceOrientations_iPad = "UIInterfaceOrientationPortrait UIInterfaceOrientationPortraitUpsideDown UIInterfaceOrientationLandscapeLeft UIInterfaceOrientationLandscapeRight";
				INFOPLIST_KEY_UISupportedInterfaceOrientations_iPhone = "UIInterfaceOrientationPortrait UIInterfaceOrientationLandscapeLeft UIInterfaceOrientationLandscapeRight";
				LD_RUNPATH_SEARCH_PATHS = (
					"$(inherited)",
					"@executable_path/Frameworks",
				);
				MARKETING_VERSION = 1.0;
				PRODUCT_BUNDLE_IDENTIFIER = me.lebrun.tom.SnowSeeker;
				PRODUCT_NAME = "$(TARGET_NAME)";
				SWIFT_EMIT_LOC_STRINGS = YES;
				SWIFT_VERSION = 5.0;
				TARGETED_DEVICE_FAMILY = "1,2";
			};
			name = Release;
		};
/* End XCBuildConfiguration section */

/* Begin XCConfigurationList section */
		E2A4DAFB293532FC00C1131E /* Build configuration list for PBXProject "SnowSeeker" */ = {
			isa = XCConfigurationList;
			buildConfigurations = (
				E2A4DB0C293532FD00C1131E /* Debug */,
				E2A4DB0D293532FD00C1131E /* Release */,
			);
			defaultConfigurationIsVisible = 0;
			defaultConfigurationName = Release;
		};
		E2A4DB0E293532FD00C1131E /* Build configuration list for PBXNativeTarget "SnowSeeker" */ = {
			isa = XCConfigurationList;
			buildConfigurations = (
				E2A4DB0F293532FD00C1131E /* Debug */,
				E2A4DB10293532FD00C1131E /* Release */,
			);
			defaultConfigurationIsVisible = 0;
			defaultConfigurationName = Release;
		};
/* End XCConfigurationList section */
	};
	rootObject = E2A4DAF8293532FC00C1131E /* Project object */;
}
